
Microsoft Visual Studio Solution File, Format Version 12.00
# Visual Studio 15
VisualStudioVersion = 15.0.27703.2047
MinimumVisualStudioVersion = 10.0.40219.1
Project("{FAE04EC0-301F-11D3-BF4B-00C04F79EFBC}") = "CodedUITestCalculator", "CodedUITestCalculator\CodedUITestCalculator.csproj", "{38B8ADA3-B62E-45CC-B1A1-4C13F14487CC}"
EndProject
Global
	GlobalSection(SolutionConfigurationPlatforms) = preSolution
		Debug|Any CPU = Debug|Any CPU
		Release|Any CPU = Release|Any CPU
	EndGlobalSection
	GlobalSection(ProjectConfigurationPlatforms) = postSolution
		{38B8ADA3-B62E-45CC-B1A1-4C13F14487CC}.Debug|Any CPU.ActiveCfg = Debug|Any CPU
		{38B8ADA3-B62E-45CC-B1A1-4C13F14487CC}.Debug|Any CPU.Build.0 = Debug|Any CPU
		{38B8ADA3-B62E-45CC-B1A1-4C13F14487CC}.Release|Any CPU.ActiveCfg = Release|Any CPU
		{38B8ADA3-B62E-45CC-B1A1-4C13F14487CC}.Release|Any CPU.Build.0 = Release|Any CPU
	EndGlobalSection
	GlobalSection(SolutionProperties) = preSolution
		HideSolutionNode = FALSE
	EndGlobalSection
	GlobalSection(ExtensibilityGlobals) = postSolution
		SolutionGuid = {53B18CB8-7BDE-4423-AC8F-D9F8211B31B0}
	EndGlobalSection
EndGlobal
